Microsoft Visual Studio Solution File, Format Version 12.00
# Visual Studio Version 17
VisualStudioVersion = 17.0.32014.148
MinimumVisualStudioVersion = 10.0.40219.1
Project("{2150E333-8FDC-42A3-9474-1A3956D46DE8}") = "installer", "installer", "{1F1C70CA-5669-40F4-87BF-CE371C67EFD2}"
	ProjectSection(SolutionItems) = preProject
		installer\AppIcon.png = installer\AppIcon.png
		installer\build.ps1 = installer\build.ps1
		installer\WindowResizer.nuspec = installer\WindowResizer.nuspec
	EndProjectSection
EndProject
Project("{2150E333-8FDC-42A3-9474-1A3956D46DE8}") = "src", "src", "{C4CABDDF-2B20-47ED-A60C-CDABFD859432}"
EndProject
Project("{9A19103F-16F7-4668-BE54-9A1E7A4F7556}") = "WindowResizer.Core", "src\WindowResizer.Core\WindowResizer.Core.csproj", "{4EC2C315-C0FE-41FD-A6BF-C23636E0C55B}"
EndProject
Project("{9A19103F-16F7-4668-BE54-9A1E7A4F7556}") = "WindowResizer.Common", "src\WindowResizer.Common\WindowResizer.Common.csproj", "{5B558C42-95B4-450B-A687-B40C4E03B6F0}"
EndProject
Project("{9A19103F-16F7-4668-BE54-9A1E7A4F7556}") = "WindowResizer.Configuration", "src\WindowResizer.Configuration\WindowResizer.Configuration.csproj", "{19BAFF49-92DB-453E-B53D-4FE13F0EF158}"
EndProject
Project("{FAE04EC0-301F-11D3-BF4B-00C04F79EFBC}") = "WindowResizer", "src\WindowResizer\WindowResizer.csproj", "{2351FD0B-C713-4432-AD06-F3F0EA96C7C3}"
EndProject
Global
	GlobalSection(SolutionConfigurationPlatforms) = preSolution
		Debug|Any CPU = Debug|Any CPU
		Debug|x64 = Debug|x64
		Release|Any CPU = Release|Any CPU
		Release|x64 = Release|x64
	EndGlobalSection
	GlobalSection(ProjectConfigurationPlatforms) = postSolution
		{4EC2C315-C0FE-41FD-A6BF-C23636E0C55B}.Debug|Any CPU.ActiveCfg = Debug|Any CPU
		{4EC2C315-C0FE-41FD-A6BF-C23636E0C55B}.Debug|Any CPU.Build.0 = Debug|Any CPU
		{4EC2C315-C0FE-41FD-A6BF-C23636E0C55B}.Debug|x64.ActiveCfg = Debug|Any CPU
		{4EC2C315-C0FE-41FD-A6BF-C23636E0C55B}.Debug|x64.Build.0 = Debug|Any CPU
		{4EC2C315-C0FE-41FD-A6BF-C23636E0C55B}.Release|Any CPU.ActiveCfg = Release|Any CPU
		{4EC2C315-C0FE-41FD-A6BF-C23636E0C55B}.Release|Any CPU.Build.0 = Release|Any CPU
		{4EC2C315-C0FE-41FD-A6BF-C23636E0C55B}.Release|x64.ActiveCfg = Release|Any CPU
		{4EC2C315-C0FE-41FD-A6BF-C23636E0C55B}.Release|x64.Build.0 = Release|Any CPU
		{5B558C42-95B4-450B-A687-B40C4E03B6F0}.Debug|Any CPU.ActiveCfg = Debug|Any CPU
		{5B558C42-95B4-450B-A687-B40C4E03B6F0}.Debug|Any CPU.Build.0 = Debug|Any CPU
		{5B558C42-95B4-450B-A687-B40C4E03B6F0}.Debug|x64.ActiveCfg = Debug|Any CPU
		{5B558C42-95B4-450B-A687-B40C4E03B6F0}.Debug|x64.Build.0 = Debug|Any CPU
		{5B558C42-95B4-450B-A687-B40C4E03B6F0}.Release|Any CPU.ActiveCfg = Release|Any CPU
		{5B558C42-95B4-450B-A687-B40C4E03B6F0}.Release|Any CPU.Build.0 = Release|Any CPU
		{5B558C42-95B4-450B-A687-B40C4E03B6F0}.Release|x64.ActiveCfg = Release|Any CPU
		{5B558C42-95B4-450B-A687-B40C4E03B6F0}.Release|x64.Build.0 = Release|Any CPU
		{19BAFF49-92DB-453E-B53D-4FE13F0EF158}.Debug|Any CPU.ActiveCfg = Debug|Any CPU
		{19BAFF49-92DB-453E-B53D-4FE13F0EF158}.Debug|Any CPU.Build.0 = Debug|Any CPU
		{19BAFF49-92DB-453E-B53D-4FE13F0EF158}.Debug|x64.ActiveCfg = Debug|Any CPU
		{19BAFF49-92DB-453E-B53D-4FE13F0EF158}.Debug|x64.Build.0 = Debug|Any CPU
		{19BAFF49-92DB-453E-B53D-4FE13F0EF158}.Release|Any CPU.ActiveCfg = Release|Any CPU
		{19BAFF49-92DB-453E-B53D-4FE13F0EF158}.Release|Any CPU.Build.0 = Release|Any CPU
		{19BAFF49-92DB-453E-B53D-4FE13F0EF158}.Release|x64.ActiveCfg = Release|Any CPU
		{19BAFF49-92DB-453E-B53D-4FE13F0EF158}.Release|x64.Build.0 = Release|Any CPU
		{2351FD0B-C713-4432-AD06-F3F0EA96C7C3}.Debug|Any CPU.ActiveCfg = Debug|Any CPU
		{2351FD0B-C713-4432-AD06-F3F0EA96C7C3}.Debug|Any CPU.Build.0 = Debug|Any CPU
		{2351FD0B-C713-4432-AD06-F3F0EA96C7C3}.Debug|x64.ActiveCfg = Debug|Any CPU
		{2351FD0B-C713-4432-AD06-F3F0EA96C7C3}.Debug|x64.Build.0 = Debug|Any CPU
		{2351FD0B-C713-4432-AD06-F3F0EA96C7C3}.Release|Any CPU.ActiveCfg = Release|Any CPU
		{2351FD0B-C713-4432-AD06-F3F0EA96C7C3}.Release|Any CPU.Build.0 = Release|Any CPU
		{2351FD0B-C713-4432-AD06-F3F0EA96C7C3}.Release|x64.ActiveCfg = Release|Any CPU
		{2351FD0B-C713-4432-AD06-F3F0EA96C7C3}.Release|x64.Build.0 = Release|Any CPU
	EndGlobalSection
	GlobalSection(SolutionProperties) = preSolution
		HideSolutionNode = FALSE
	EndGlobalSection
	GlobalSection(NestedProjects) = preSolution
		{4EC2C315-C0FE-41FD-A6BF-C23636E0C55B} = {C4CABDDF-2B20-47ED-A60C-CDABFD859432}
		{5B558C42-95B4-450B-A687-B40C4E03B6F0} = {C4CABDDF-2B20-47ED-A60C-CDABFD859432}
		{19BAFF49-92DB-453E-B53D-4FE13F0EF158} = {C4CABDDF-2B20-47ED-A60C-CDABFD859432}
		{2351FD0B-C713-4432-AD06-F3F0EA96C7C3} = {C4CABDDF-2B20-47ED-A60C-CDABFD859432}
	EndGlobalSection
	GlobalSection(ExtensibilityGlobals) = postSolution
		SolutionGuid = {0BDA6027-46C2-4025-BE55-C45C34EB0DE1}
	EndGlobalSection
EndGlobal
