Microsoft Visual Studio Solution File, Format Version 12.00
# Visual Studio Version 17
VisualStudioVersion = 17.0.32014.148
MinimumVisualStudioVersion = 10.0.40219.1
Project("{FAE04EC0-301F-11D3-BF4B-00C04F79EFBC}") = "WindowResizer", "WindowResizer\WindowResizer.csproj", "{B3E7EB82-3DB1-4F1B-9C3C-D67643AE0B00}"
EndProject
Project("{2150E333-8FDC-42A3-9474-1A3956D46DE8}") = "Installer", "Installer", "{1F1C70CA-5669-40F4-87BF-CE371C67EFD2}"
	ProjectSection(SolutionItems) = preProject
		Installer\AppIcon.png = Installer\AppIcon.png
		Installer\build.ps1 = Installer\build.ps1
		Installer\WindowResizer.nuspec = Installer\WindowResizer.nuspec
	EndProjectSection
EndProject
Global
	GlobalSection(SolutionConfigurationPlatforms) = preSolution
		Debug|Any CPU = Debug|Any CPU
		Debug|x64 = Debug|x64
		Release|Any CPU = Release|Any CPU
		Release|x64 = Release|x64
	EndGlobalSection
	GlobalSection(ProjectConfigurationPlatforms) = postSolution
		{B3E7EB82-3DB1-4F1B-9C3C-D67643AE0B00}.Debug|Any CPU.ActiveCfg = Debug|Any CPU
		{B3E7EB82-3DB1-4F1B-9C3C-D67643AE0B00}.Debug|Any CPU.Build.0 = Debug|Any CPU
		{B3E7EB82-3DB1-4F1B-9C3C-D67643AE0B00}.Debug|x64.ActiveCfg = Debug|x64
		{B3E7EB82-3DB1-4F1B-9C3C-D67643AE0B00}.Debug|x64.Build.0 = Debug|x64
		{B3E7EB82-3DB1-4F1B-9C3C-D67643AE0B00}.Release|Any CPU.ActiveCfg = Release|Any CPU
		{B3E7EB82-3DB1-4F1B-9C3C-D67643AE0B00}.Release|Any CPU.Build.0 = Release|Any CPU
		{B3E7EB82-3DB1-4F1B-9C3C-D67643AE0B00}.Release|x64.ActiveCfg = Release|x64
		{B3E7EB82-3DB1-4F1B-9C3C-D67643AE0B00}.Release|x64.Build.0 = Release|x64
		{B3E7EB82-3DB1-4F1B-9C3C-D67643AE0B00}.Release|x64.Deploy.0 = Release|x64
	EndGlobalSection
	GlobalSection(SolutionProperties) = preSolution
		HideSolutionNode = FALSE
	EndGlobalSection
	GlobalSection(ExtensibilityGlobals) = postSolution
		SolutionGuid = {0BDA6027-46C2-4025-BE55-C45C34EB0DE1}
	EndGlobalSection
EndGlobal
