Microsoft Visual Studio Solution File, Format Version 12.00
# Visual Studio Version 17
VisualStudioVersion = 17.0.32014.148
MinimumVisualStudioVersion = 10.0.40219.1
Project("{2150E333-8FDC-42A3-9474-1A3956D46DE8}") = "installer", "installer", "{1F1C70CA-5669-40F4-87BF-CE371C67EFD2}"
	ProjectSection(SolutionItems) = preProject
		installer\AppIcon.png = installer\AppIcon.png
		installer\build.ps1 = installer\build.ps1
		installer\WindowResizer.nuspec = installer\WindowResizer.nuspec
	EndProjectSection
EndProject
Project("{2150E333-8FDC-42A3-9474-1A3956D46DE8}") = "src", "src", "{C4CABDDF-2B20-47ED-A60C-CDABFD859432}"
EndProject
Project("{FAE04EC0-301F-11D3-BF4B-00C04F79EFBC}") = "WindowResizer.Core", "src\WindowResizer.Core\WindowResizer.Core.csproj", "{54218870-7C46-4BBB-8C9D-E2EBB861F85C}"
EndProject
Project("{FAE04EC0-301F-11D3-BF4B-00C04F79EFBC}") = "WindowResizer.Configuration", "src\WindowResizer.Configuration\WindowResizer.Configuration.csproj", "{8030DE37-3D4A-40FB-8D0E-F6F5FDACD8F0}"
EndProject
Project("{FAE04EC0-301F-11D3-BF4B-00C04F79EFBC}") = "WindowResizer", "src\WindowResizer\WindowResizer.csproj", "{B3E7EB82-3DB1-4F1B-9C3C-D67643AE0B00}"
EndProject
Project("{FAE04EC0-301F-11D3-BF4B-00C04F79EFBC}") = "WindowResizer.Updater", "src\WindowResizer.Updater\WindowResizer.Updater.csproj", "{CB371D7E-8213-4112-AE38-DFE63E1AFF37}"
EndProject
Global
	GlobalSection(SolutionConfigurationPlatforms) = preSolution
		Debug|Any CPU = Debug|Any CPU
		Debug|x64 = Debug|x64
		Release|Any CPU = Release|Any CPU
		Release|x64 = Release|x64
	EndGlobalSection
	GlobalSection(ProjectConfigurationPlatforms) = postSolution
		{54218870-7C46-4BBB-8C9D-E2EBB861F85C}.Debug|Any CPU.ActiveCfg = Debug|Any CPU
		{54218870-7C46-4BBB-8C9D-E2EBB861F85C}.Debug|Any CPU.Build.0 = Debug|Any CPU
		{54218870-7C46-4BBB-8C9D-E2EBB861F85C}.Debug|x64.ActiveCfg = Debug|Any CPU
		{54218870-7C46-4BBB-8C9D-E2EBB861F85C}.Debug|x64.Build.0 = Debug|Any CPU
		{54218870-7C46-4BBB-8C9D-E2EBB861F85C}.Release|Any CPU.ActiveCfg = Release|Any CPU
		{54218870-7C46-4BBB-8C9D-E2EBB861F85C}.Release|Any CPU.Build.0 = Release|Any CPU
		{54218870-7C46-4BBB-8C9D-E2EBB861F85C}.Release|x64.ActiveCfg = Release|Any CPU
		{54218870-7C46-4BBB-8C9D-E2EBB861F85C}.Release|x64.Build.0 = Release|Any CPU
		{8030DE37-3D4A-40FB-8D0E-F6F5FDACD8F0}.Debug|Any CPU.ActiveCfg = Debug|Any CPU
		{8030DE37-3D4A-40FB-8D0E-F6F5FDACD8F0}.Debug|Any CPU.Build.0 = Debug|Any CPU
		{8030DE37-3D4A-40FB-8D0E-F6F5FDACD8F0}.Debug|x64.ActiveCfg = Debug|Any CPU
		{8030DE37-3D4A-40FB-8D0E-F6F5FDACD8F0}.Debug|x64.Build.0 = Debug|Any CPU
		{8030DE37-3D4A-40FB-8D0E-F6F5FDACD8F0}.Release|Any CPU.ActiveCfg = Release|Any CPU
		{8030DE37-3D4A-40FB-8D0E-F6F5FDACD8F0}.Release|Any CPU.Build.0 = Release|Any CPU
		{8030DE37-3D4A-40FB-8D0E-F6F5FDACD8F0}.Release|x64.ActiveCfg = Release|Any CPU
		{8030DE37-3D4A-40FB-8D0E-F6F5FDACD8F0}.Release|x64.Build.0 = Release|Any CPU
		{B3E7EB82-3DB1-4F1B-9C3C-D67643AE0B00}.Debug|Any CPU.ActiveCfg = Debug|Any CPU
		{B3E7EB82-3DB1-4F1B-9C3C-D67643AE0B00}.Debug|Any CPU.Build.0 = Debug|Any CPU
		{B3E7EB82-3DB1-4F1B-9C3C-D67643AE0B00}.Debug|x64.ActiveCfg = Debug|x64
		{B3E7EB82-3DB1-4F1B-9C3C-D67643AE0B00}.Debug|x64.Build.0 = Debug|x64
		{B3E7EB82-3DB1-4F1B-9C3C-D67643AE0B00}.Release|Any CPU.ActiveCfg = Release|Any CPU
		{B3E7EB82-3DB1-4F1B-9C3C-D67643AE0B00}.Release|Any CPU.Build.0 = Release|Any CPU
		{B3E7EB82-3DB1-4F1B-9C3C-D67643AE0B00}.Release|x64.ActiveCfg = Release|x64
		{B3E7EB82-3DB1-4F1B-9C3C-D67643AE0B00}.Release|x64.Build.0 = Release|x64
		{CB371D7E-8213-4112-AE38-DFE63E1AFF37}.Debug|Any CPU.ActiveCfg = Debug|Any CPU
		{CB371D7E-8213-4112-AE38-DFE63E1AFF37}.Debug|Any CPU.Build.0 = Debug|Any CPU
		{CB371D7E-8213-4112-AE38-DFE63E1AFF37}.Debug|x64.ActiveCfg = Debug|Any CPU
		{CB371D7E-8213-4112-AE38-DFE63E1AFF37}.Debug|x64.Build.0 = Debug|Any CPU
		{CB371D7E-8213-4112-AE38-DFE63E1AFF37}.Release|Any CPU.ActiveCfg = Release|Any CPU
		{CB371D7E-8213-4112-AE38-DFE63E1AFF37}.Release|Any CPU.Build.0 = Release|Any CPU
		{CB371D7E-8213-4112-AE38-DFE63E1AFF37}.Release|x64.ActiveCfg = Release|Any CPU
		{CB371D7E-8213-4112-AE38-DFE63E1AFF37}.Release|x64.Build.0 = Release|Any CPU
	EndGlobalSection
	GlobalSection(SolutionProperties) = preSolution
		HideSolutionNode = FALSE
	EndGlobalSection
	GlobalSection(NestedProjects) = preSolution
		{54218870-7C46-4BBB-8C9D-E2EBB861F85C} = {C4CABDDF-2B20-47ED-A60C-CDABFD859432}
		{8030DE37-3D4A-40FB-8D0E-F6F5FDACD8F0} = {C4CABDDF-2B20-47ED-A60C-CDABFD859432}
		{B3E7EB82-3DB1-4F1B-9C3C-D67643AE0B00} = {C4CABDDF-2B20-47ED-A60C-CDABFD859432}
		{CB371D7E-8213-4112-AE38-DFE63E1AFF37} = {C4CABDDF-2B20-47ED-A60C-CDABFD859432}
	EndGlobalSection
	GlobalSection(ExtensibilityGlobals) = postSolution
		SolutionGuid = {0BDA6027-46C2-4025-BE55-C45C34EB0DE1}
	EndGlobalSection
EndGlobal
